
Microsoft Visual Studio Solution File, Format Version 12.00
# Visual Studio 15
VisualStudioVersion = 15.0.26124.0
MinimumVisualStudioVersion = 15.0.26124.0
Project("{FAE04EC0-301F-11D3-BF4B-00C04F79EFBC}") = "Learning.AppConsole", "Learning.AppConsole\Learning.AppConsole.csproj", "{3A12143F-1AF5-45BE-84DA-56AAF435BB93}"
EndProject
Project("{FAE04EC0-301F-11D3-BF4B-00C04F79EFBC}") = "Learning.Services", "Learning.Services\Learning.Services.csproj", "{761F6760-BAD1-475A-901A-9389FF62BFD5}"
EndProject
Global
	GlobalSection(SolutionConfigurationPlatforms) = preSolution
		Debug|Any CPU = Debug|Any CPU
		Debug|x64 = Debug|x64
		Debug|x86 = Debug|x86
		Release|Any CPU = Release|Any CPU
		Release|x64 = Release|x64
		Release|x86 = Release|x86
	EndGlobalSection
	GlobalSection(SolutionProperties) = preSolution
		HideSolutionNode = FALSE
	EndGlobalSection
	GlobalSection(ProjectConfigurationPlatforms) = postSolution
		{3A12143F-1AF5-45BE-84DA-56AAF435BB93}.Debug|Any CPU.ActiveCfg = Debug|Any CPU
		{3A12143F-1AF5-45BE-84DA-56AAF435BB93}.Debug|Any CPU.Build.0 = Debug|Any CPU
		{3A12143F-1AF5-45BE-84DA-56AAF435BB93}.Debug|x64.ActiveCfg = Debug|Any CPU
		{3A12143F-1AF5-45BE-84DA-56AAF435BB93}.Debug|x64.Build.0 = Debug|Any CPU
		{3A12143F-1AF5-45BE-84DA-56AAF435BB93}.Debug|x86.ActiveCfg = Debug|Any CPU
		{3A12143F-1AF5-45BE-84DA-56AAF435BB93}.Debug|x86.Build.0 = Debug|Any CPU
		{3A12143F-1AF5-45BE-84DA-56AAF435BB93}.Release|Any CPU.ActiveCfg = Release|Any CPU
		{3A12143F-1AF5-45BE-84DA-56AAF435BB93}.Release|Any CPU.Build.0 = Release|Any CPU
		{3A12143F-1AF5-45BE-84DA-56AAF435BB93}.Release|x64.ActiveCfg = Release|Any CPU
		{3A12143F-1AF5-45BE-84DA-56AAF435BB93}.Release|x64.Build.0 = Release|Any CPU
		{3A12143F-1AF5-45BE-84DA-56AAF435BB93}.Release|x86.ActiveCfg = Release|Any CPU
		{3A12143F-1AF5-45BE-84DA-56AAF435BB93}.Release|x86.Build.0 = Release|Any CPU
		{761F6760-BAD1-475A-901A-9389FF62BFD5}.Debug|Any CPU.ActiveCfg = Debug|Any CPU
		{761F6760-BAD1-475A-901A-9389FF62BFD5}.Debug|Any CPU.Build.0 = Debug|Any CPU
		{761F6760-BAD1-475A-901A-9389FF62BFD5}.Debug|x64.ActiveCfg = Debug|Any CPU
		{761F6760-BAD1-475A-901A-9389FF62BFD5}.Debug|x64.Build.0 = Debug|Any CPU
		{761F6760-BAD1-475A-901A-9389FF62BFD5}.Debug|x86.ActiveCfg = Debug|Any CPU
		{761F6760-BAD1-475A-901A-9389FF62BFD5}.Debug|x86.Build.0 = Debug|Any CPU
		{761F6760-BAD1-475A-901A-9389FF62BFD5}.Release|Any CPU.ActiveCfg = Release|Any CPU
		{761F6760-BAD1-475A-901A-9389FF62BFD5}.Release|Any CPU.Build.0 = Release|Any CPU
		{761F6760-BAD1-475A-901A-9389FF62BFD5}.Release|x64.ActiveCfg = Release|Any CPU
		{761F6760-BAD1-475A-901A-9389FF62BFD5}.Release|x64.Build.0 = Release|Any CPU
		{761F6760-BAD1-475A-901A-9389FF62BFD5}.Release|x86.ActiveCfg = Release|Any CPU
		{761F6760-BAD1-475A-901A-9389FF62BFD5}.Release|x86.Build.0 = Release|Any CPU
	EndGlobalSection
EndGlobal
